
Microsoft Visual Studio Solution File, Format Version 12.00
# Visual Studio Version 17
VisualStudioVersion = 17.5.33424.131
MinimumVisualStudioVersion = 10.0.40219.1
Project("{9A19103F-16F7-4668-BE54-9A1E7A4F7556}") = "SysComercio", "SysComercio.csproj", "{416F50EF-D661-48E1-86FF-2311F6A0C6F9}"
EndProject
Project("{FAE04EC0-301F-11D3-BF4B-00C04F79EFBC}") = "CamadaDados", "..\CamadaDados\CamadaDados.csproj", "{889CB8DB-DDA5-482C-A83E-7471CB0F816A}"
EndProject
Project("{FAE04EC0-301F-11D3-BF4B-00C04F79EFBC}") = "CamadaNegocio", "..\CamadaNegocio\CamadaNegocio.csproj", "{939A88E1-F426-4664-8526-16C272EC32DD}"
EndProject
Global
	GlobalSection(SolutionConfigurationPlatforms) = preSolution
		Debug|Any CPU = Debug|Any CPU
		Release|Any CPU = Release|Any CPU
	EndGlobalSection
	GlobalSection(ProjectConfigurationPlatforms) = postSolution
		{416F50EF-D661-48E1-86FF-2311F6A0C6F9}.Debug|Any CPU.ActiveCfg = Debug|Any CPU
		{416F50EF-D661-48E1-86FF-2311F6A0C6F9}.Debug|Any CPU.Build.0 = Debug|Any CPU
		{416F50EF-D661-48E1-86FF-2311F6A0C6F9}.Release|Any CPU.ActiveCfg = Release|Any CPU
		{416F50EF-D661-48E1-86FF-2311F6A0C6F9}.Release|Any CPU.Build.0 = Release|Any CPU
		{889CB8DB-DDA5-482C-A83E-7471CB0F816A}.Debug|Any CPU.ActiveCfg = Debug|Any CPU
		{889CB8DB-DDA5-482C-A83E-7471CB0F816A}.Debug|Any CPU.Build.0 = Debug|Any CPU
		{889CB8DB-DDA5-482C-A83E-7471CB0F816A}.Release|Any CPU.ActiveCfg = Release|Any CPU
		{889CB8DB-DDA5-482C-A83E-7471CB0F816A}.Release|Any CPU.Build.0 = Release|Any CPU
		{939A88E1-F426-4664-8526-16C272EC32DD}.Debug|Any CPU.ActiveCfg = Debug|Any CPU
		{939A88E1-F426-4664-8526-16C272EC32DD}.Debug|Any CPU.Build.0 = Debug|Any CPU
		{939A88E1-F426-4664-8526-16C272EC32DD}.Release|Any CPU.ActiveCfg = Release|Any CPU
		{939A88E1-F426-4664-8526-16C272EC32DD}.Release|Any CPU.Build.0 = Release|Any CPU
	EndGlobalSection
	GlobalSection(SolutionProperties) = preSolution
		HideSolutionNode = FALSE
	EndGlobalSection
	GlobalSection(ExtensibilityGlobals) = postSolution
		SolutionGuid = {7AD2BB22-2EB8-4736-8992-58F289D27A98}
	EndGlobalSection
EndGlobal
